
Microsoft Visual Studio Solution File, Format Version 12.00
# Visual Studio 14
VisualStudioVersion = 14.0.25420.1
MinimumVisualStudioVersion = 10.0.40219.1
Project("{D954291E-2A0B-460D-934E-DC6B0785DB48}") = "Calculator", "Calculator\Calculator.shproj", "{7650D5BD-2C42-4A2D-86DF-E15EAAA281E3}"
EndProject
Global
	GlobalSection(SharedMSBuildProjectFiles) = preSolution
		Calculator\Calculator.projitems*{7650d5bd-2c42-4a2d-86df-e15eaaa281e3}*SharedItemsImports = 13
	EndGlobalSection
	GlobalSection(SolutionProperties) = preSolution
		HideSolutionNode = FALSE
	EndGlobalSection
EndGlobal
